
Microsoft Visual Studio Solution File, Format Version 12.00
# Visual Studio Version 17
VisualStudioVersion = 17.9.34728.123
MinimumVisualStudioVersion = 10.0.40219.1
Project("{FAE04EC0-301F-11D3-BF4B-00C04F79EFBC}") = "BankAPI-Assessment", "BankAPI-Assessment\BankAPI-Assessment.csproj", "{0D305F30-CEFA-4E72-8B41-285742A719FF}"
EndProject
Global
	GlobalSection(SolutionConfigurationPlatforms) = preSolution
		Debug|Any CPU = Debug|Any CPU
		Release|Any CPU = Release|Any CPU
	EndGlobalSection
	GlobalSection(ProjectConfigurationPlatforms) = postSolution
		{0D305F30-CEFA-4E72-8B41-285742A719FF}.Debug|Any CPU.ActiveCfg = Debug|Any CPU
		{0D305F30-CEFA-4E72-8B41-285742A719FF}.Debug|Any CPU.Build.0 = Debug|Any CPU
		{0D305F30-CEFA-4E72-8B41-285742A719FF}.Release|Any CPU.ActiveCfg = Release|Any CPU
		{0D305F30-CEFA-4E72-8B41-285742A719FF}.Release|Any CPU.Build.0 = Release|Any CPU
	EndGlobalSection
	GlobalSection(SolutionProperties) = preSolution
		HideSolutionNode = FALSE
	EndGlobalSection
	GlobalSection(ExtensibilityGlobals) = postSolution
		SolutionGuid = {4132CC29-90C0-4F30-A71F-9AE3C2EAB2A2}
	EndGlobalSection
EndGlobal
